// !$*UTF8*$!
{
	archiveVersion = 1;
	classes = {
	};
	objectVersion = 46;
	objects = {

/* Begin PBXBuildFile section */
		21E927791DD46A8C00CD4197 /* main.m in Sources */ = {isa = PBXBuildFile; fileRef = 21E927781DD46A8C00CD4197 /* main.m */; };
		21E9277C1DD46A8C00CD4197 /* AppDelegate.m in Sources */ = {isa = PBXBuildFile; fileRef = 21E9277B1DD46A8C00CD4197 /* AppDelegate.m */; };
		21E9277F1DD46A8C00CD4197 /* ViewController.m in Sources */ = {isa = PBXBuildFile; fileRef = 21E9277E1DD46A8C00CD4197 /* ViewController.m */; };
		21E927821DD46A8C00CD4197 /* Main.storyboard in Resources */ = {isa = PBXBuildFile; fileRef = 21E927801DD46A8C00CD4197 /* Main.storyboard */; };
		21E927841DD46A8C00CD4197 /* Assets.xcassets in Resources */ = {isa = PBXBuildFile; fileRef = 21E927831DD46A8C00CD4197 /* Assets.xcassets */; };
		21E927871DD46A8C00CD4197 /* LaunchScreen.storyboard in Resources */ = {isa = PBXBuildFile; fileRef = 21E927851DD46A8C00CD4197 /* LaunchScreen.storyboard */; };
		21E927A51DD4746600CD4197 /* libZFSDK.a in Frameworks */ = {isa = PBXBuildFile; fileRef = 21E927A41DD4746600CD4197 /* libZFSDK.a */; };
		21E927A81DD475E000CD4197 /* libZFSDK.a in Frameworks */ = {isa = PBXBuildFile; fileRef = 21E927A71DD475E000CD4197 /* libZFSDK.a */; };
/* End PBXBuildFile section */

/* Begin PBXFileReference section */
		21E927741DD46A8C00CD4197 /* ZFDemo.app */ = {isa = PBXFileReference; explicitFileType = wrapper.application; includeInIndex = 0; path = ZFDemo.app; sourceTree = BUILT_PRODUCTS_DIR; };
		21E927781DD46A8C00CD4197 /* main.m */ = {isa = PBXFileReference; lastKnownFileType = sourcecode.c.objc; path = main.m; sourceTree = "<group>"; };
		21E9277A1DD46A8C00CD4197 /* AppDelegate.h */ = {isa = PBXFileReference; lastKnownFileType = sourcecode.c.h; path = AppDelegate.h; sourceTree = "<group>"; };
		21E9277B1DD46A8C00CD4197 /* AppDelegate.m */ = {isa = PBXFileReference; lastKnownFileType = sourcecode.c.objc; path = AppDelegate.m; sourceTree = "<group>"; };
		21E9277D1DD46A8C00CD4197 /* ViewController.h */ = {isa = PBXFileReference; lastKnownFileType = sourcecode.c.h; path = ViewController.h; sourceTree = "<group>"; };
		21E9277E1DD46A8C00CD4197 /* ViewController.m */ = {isa = PBXFileReference; lastKnownFileType = sourcecode.c.objc; path = ViewController.m; sourceTree = "<group>"; };
		21E927811DD46A8C00CD4197 /* Base */ = {isa = PBXFileReference; lastKnownFileType = file.storyboard; name = Base; path = Base.lproj/Main.storyboard; sourceTree = "<group>"; };
		21E927831DD46A8C00CD4197 /* Assets.xcassets */ = {isa = PBXFileReference; lastKnownFileType = folder.assetcatalog; path = Assets.xcassets; sourceTree = "<group>"; };
		21E927861DD46A8C00CD4197 /* Base */ = {isa = PBXFileReference; lastKnownFileType = file.storyboard; name = Base; path = Base.lproj/LaunchScreen.storyboard; sourceTree = "<group>"; };
		21E927881DD46A8C00CD4197 /* Info.plist */ = {isa = PBXFileReference; lastKnownFileType = text.plist.xml; path = Info.plist; sourceTree = "<group>"; };
		21E927A41DD4746600CD4197 /* libZFSDK.a */ = {isa = PBXFileReference; lastKnownFileType = archive.ar; name = libZFSDK.a; path = "../ZFSDK/build/Debug-iphoneos/libZFSDK.a"; sourceTree = "<group>"; };
		21E927A71DD475E000CD4197 /* libZFSDK.a */ = {isa = PBXFileReference; lastKnownFileType = archive.ar; path = libZFSDK.a; sourceTree = "<group>"; };
		21E927A91DD475E900CD4197 /* ZFSDK.h */ = {isa = PBXFileReference; fileEncoding = 4; lastKnownFileType = sourcecode.c.h; path = ZFSDK.h; sourceTree = "<group>"; };
/* End PBXFileReference section */

/* Begin PBXFrameworksBuildPhase section */
		21E927711DD46A8C00CD4197 /* Frameworks */ = {
			isa = PBXFrameworksBuildPhase;
			buildActionMask = 2147483647;
			files = (
				21E927A81DD475E000CD4197 /* libZFSDK.a in Frameworks */,
				21E927A51DD4746600CD4197 /* libZFSDK.a in Frameworks */,
			);
			runOnlyForDeploymentPostprocessing = 0;
		};
/* End PBXFrameworksBuildPhase section */

/* Begin PBXGroup section */
		21E9276B1DD46A8C00CD4197 = {
			isa = PBXGroup;
			children = (
				21E927761DD46A8C00CD4197 /* ZFDemo */,
				21E927751DD46A8C00CD4197 /* Products */,
				21E927A31DD4746600CD4197 /* Frameworks */,
			);
			sourceTree = "<group>";
		};
		21E927751DD46A8C00CD4197 /* Products */ = {
			isa = PBXGroup;
			children = (
				21E927741DD46A8C00CD4197 /* ZFDemo.app */,
			);
			name = Products;
			sourceTree = "<group>";
		};
		21E927761DD46A8C00CD4197 /* ZFDemo */ = {
			isa = PBXGroup;
			children = (
				21E927A61DD475CC00CD4197 /* libSDK */,
				21E9277A1DD46A8C00CD4197 /* AppDelegate.h */,
				21E9277B1DD46A8C00CD4197 /* AppDelegate.m */,
				21E9277D1DD46A8C00CD4197 /* ViewController.h */,
				21E9277E1DD46A8C00CD4197 /* ViewController.m */,
				21E927801DD46A8C00CD4197 /* Main.storyboard */,
				21E927831DD46A8C00CD4197 /* Assets.xcassets */,
				21E927851DD46A8C00CD4197 /* LaunchScreen.storyboard */,
				21E927881DD46A8C00CD4197 /* Info.plist */,
				21E927771DD46A8C00CD4197 /* Supporting Files */,
			);
			path = ZFDemo;
			sourceTree = "<group>";
		};
		21E927771DD46A8C00CD4197 /* Supporting Files */ = {
			isa = PBXGroup;
			children = (
				21E927781DD46A8C00CD4197 /* main.m */,
			);
			name = "Supporting Files";
			sourceTree = "<group>";
		};
		21E927A31DD4746600CD4197 /* Frameworks */ = {
			isa = PBXGroup;
			children = (
				21E927A41DD4746600CD4197 /* libZFSDK.a */,
			);
			name = Frameworks;
			sourceTree = "<group>";
		};
		21E927A61DD475CC00CD4197 /* libSDK */ = {
			isa = PBXGroup;
			children = (
				21E927A71DD475E000CD4197 /* libZFSDK.a */,
				21E927A91DD475E900CD4197 /* ZFSDK.h */,
			);
			path = libSDK;
			sourceTree = "<group>";
		};
/* End PBXGroup section */

/* Begin PBXNativeTarget section */
		21E927731DD46A8C00CD4197 /* ZFDemo */ = {
			isa = PBXNativeTarget;
			buildConfigurationList = 21E9278B1DD46A8C00CD4197 /* Build configuration list for PBXNativeTarget "ZFDemo" */;
			buildPhases = (
				21E927701DD46A8C00CD4197 /* Sources */,
				21E927711DD46A8C00CD4197 /* Frameworks */,
				21E927721DD46A8C00CD4197 /* Resources */,
			);
			buildRules = (
			);
			dependencies = (
			);
			name = ZFDemo;
			productName = ZFDemo;
			productReference = 21E927741DD46A8C00CD4197 /* ZFDemo.app */;
			productType = "com.apple.product-type.application";
		};
/* End PBXNativeTarget section */

/* Begin PBXProject section */
		21E9276C1DD46A8C00CD4197 /* Project object */ = {
			isa = PBXProject;
			attributes = {
				LastUpgradeCheck = 0800;
				ORGANIZATIONNAME = PA;
				TargetAttributes = {
					21E927731DD46A8C00CD4197 = {
						CreatedOnToolsVersion = 8.0;
						ProvisioningStyle = Automatic;
					};
				};
			};
			buildConfigurationList = 21E9276F1DD46A8C00CD4197 /* Build configuration list for PBXProject "ZFDemo" */;
			compatibilityVersion = "Xcode 3.2";
			developmentRegion = English;
			hasScannedForEncodings = 0;
			knownRegions = (
				en,
				Base,
			);
			mainGroup = 21E9276B1DD46A8C00CD4197;
			productRefGroup = 21E927751DD46A8C00CD4197 /* Products */;
			projectDirPath = "";
			projectRoot = "";
			targets = (
				21E927731DD46A8C00CD4197 /* ZFDemo */,
			);
		};
/* End PBXProject section */

/* Begin PBXResourcesBuildPhase section */
		21E927721DD46A8C00CD4197 /* Resources */ = {
			isa = PBXResourcesBuildPhase;
			buildActionMask = 2147483647;
			files = (
				21E927871DD46A8C00CD4197 /* LaunchScreen.storyboard in Resources */,
				21E927841DD46A8C00CD4197 /* Assets.xcassets in Resources */,
				21E927821DD46A8C00CD4197 /* Main.storyboard in Resources */,
			);
			runOnlyForDeploymentPostprocessing = 0;
		};
/* End PBXResourcesBuildPhase section */

/* Begin PBXSourcesBuildPhase section */
		21E927701DD46A8C00CD4197 /* Sources */ = {
			isa = PBXSourcesBuildPhase;
			buildActionMask = 2147483647;
			files = (
				21E9277F1DD46A8C00CD4197 /* ViewController.m in Sources */,
				21E9277C1DD46A8C00CD4197 /* AppDelegate.m in Sources */,
				21E927791DD46A8C00CD4197 /* main.m in Sources */,
			);
			runOnlyForDeploymentPostprocessing = 0;
		};
/* End PBXSourcesBuildPhase section */

/* Begin PBXVariantGroup section */
		21E927801DD46A8C00CD4197 /* Main.storyboard */ = {
			isa = PBXVariantGroup;
			children = (
				21E927811DD46A8C00CD4197 /* Base */,
			);
			name = Main.storyboard;
			sourceTree = "<group>";
		};
		21E927851DD46A8C00CD4197 /* LaunchScreen.storyboard */ = {
			isa = PBXVariantGroup;
			children = (
				21E927861DD46A8C00CD4197 /* Base */,
			);
			name = LaunchScreen.storyboard;
			sourceTree = "<group>";
		};
/* End PBXVariantGroup section */

/* Begin XCBuildConfiguration section */
		21E927891DD46A8C00CD4197 /* Debug */ = {
			isa = XCBuildConfiguration;
			buildSettings = {
				ALWAYS_SEARCH_USER_PATHS = NO;
				CLANG_ANALYZER_NONNULL = YES;
				CLANG_CXX_LANGUAGE_STANDARD = "gnu++0x";
				CLANG_CXX_LIBRARY = "libc++";
				CLANG_ENABLE_MODULES = YES;
				CLANG_ENABLE_OBJC_ARC = YES;
				CLANG_WARN_BOOL_CONVERSION = YES;
				CLANG_WARN_CONSTANT_CONVERSION = YES;
				CLANG_WARN_DIRECT_OBJC_ISA_USAGE = YES_ERROR;
				CLANG_WARN_DOCUMENTATION_COMMENTS = YES;
				CLANG_WARN_EMPTY_BODY = YES;
				CLANG_WARN_ENUM_CONVERSION = YES;
				CLANG_WARN_INFINITE_RECURSION = YES;
				CLANG_WARN_INT_CONVERSION = YES;
				CLANG_WARN_OBJC_ROOT_CLASS = YES_ERROR;
				CLANG_WARN_SUSPICIOUS_MOVES = YES;
				CLANG_WARN_UNREACHABLE_CODE = YES;
				CLANG_WARN__DUPLICATE_METHOD_MATCH = YES;
				"CODE_SIGN_IDENTITY[sdk=iphoneos*]" = "iPhone Developer";
				COPY_PHASE_STRIP = NO;
				DEBUG_INFORMATION_FORMAT = dwarf;
				ENABLE_STRICT_OBJC_MSGSEND = YES;
				ENABLE_TESTABILITY = YES;
				GCC_C_LANGUAGE_STANDARD = gnu99;
				GCC_DYNAMIC_NO_PIC = NO;
				GCC_NO_COMMON_BLOCKS = YES;
				GCC_OPTIMIZATION_LEVEL = 0;
				GCC_PREPROCESSOR_DEFINITIONS = (
					"DEBUG=1",
					"$(inherited)",
				);
				GCC_WARN_64_TO_32_BIT_CONVERSION = YES;
				GCC_WARN_ABOUT_RETURN_TYPE = YES_ERROR;
				GCC_WARN_UNDECLARED_SELECTOR = YES;
				GCC_WARN_UNINITIALIZED_AUTOS = YES_AGGRESSIVE;
				GCC_WARN_UNUSED_FUNCTION = YES;
				GCC_WARN_UNUSED_VARIABLE = YES;
				IPHONEOS_DEPLOYMENT_TARGET = 10.0;
				MTL_ENABLE_DEBUG_INFO = YES;
				ONLY_ACTIVE_ARCH = YES;
				SDKROOT = iphoneos;
				TARGETED_DEVICE_FAMILY = "1,2";
			};
			name = Debug;
		};
		21E9278A1DD46A8C00CD4197 /* Release */ = {
			isa = XCBuildConfiguration;
			buildSettings = {
				ALWAYS_SEARCH_USER_PATHS = NO;
				CLANG_ANALYZER_NONNULL = YES;
				CLANG_CXX_LANGUAGE_STANDARD = "gnu++0x";
				CLANG_CXX_LIBRARY = "libc++";
				CLANG_ENABLE_MODULES = YES;
				CLANG_ENABLE_OBJC_ARC = YES;
				CLANG_WARN_BOOL_CONVERSION = YES;
				CLANG_WARN_CONSTANT_CONVERSION = YES;
				CLANG_WARN_DIRECT_OBJC_ISA_USAGE = YES_ERROR;
				CLANG_WARN_DOCUMENTATION_COMMENTS = YES;
				CLANG_WARN_EMPTY_BODY = YES;
				CLANG_WARN_ENUM_CONVERSION = YES;
				CLANG_WARN_INFINITE_RECURSION = YES;
				CLANG_WARN_INT_CONVERSION = YES;
				CLANG_WARN_OBJC_ROOT_CLASS = YES_ERROR;
				CLANG_WARN_SUSPICIOUS_MOVES = YES;
				CLANG_WARN_UNREACHABLE_CODE = YES;
				CLANG_WARN__DUPLICATE_METHOD_MATCH = YES;
				"CODE_SIGN_IDENTITY[sdk=iphoneos*]" = "iPhone Developer";
				COPY_PHASE_STRIP = NO;
				DEBUG_INFORMATION_FORMAT = "dwarf-with-dsym";
				ENABLE_NS_ASSERTIONS = NO;
				ENABLE_STRICT_OBJC_MSGSEND = YES;
				GCC_C_LANGUAGE_STANDARD = gnu99;
				GCC_NO_COMMON_BLOCKS = YES;
				GCC_WARN_64_TO_32_BIT_CONVERSION = YES;
				GCC_WARN_ABOUT_RETURN_TYPE = YES_ERROR;
				GCC_WARN_UNDECLARED_SELECTOR = YES;
				GCC_WARN_UNINITIALIZED_AUTOS = YES_AGGRESSIVE;
				GCC_WARN_UNUSED_FUNCTION = YES;
				GCC_WARN_UNUSED_VARIABLE = YES;
				IPHONEOS_DEPLOYMENT_TARGET = 10.0;
				MTL_ENABLE_DEBUG_INFO = NO;
				SDKROOT = iphoneos;
				TARGETED_DEVICE_FAMILY = "1,2";
				VALIDATE_PRODUCT = YES;
			};
			name = Release;
		};
		21E9278C1DD46A8C00CD4197 /* Debug */ = {
			isa = XCBuildConfiguration;
			buildSettings = {
				ASSETCATALOG_COMPILER_APPICON_NAME = AppIcon;
				INFOPLIST_FILE = ZFDemo/Info.plist;
				LD_RUNPATH_SEARCH_PATHS = "$(inherited) @executable_path/Frameworks";
				LIBRARY_SEARCH_PATHS = (
					"$(inherited)",
					"$(PROJECT_DIR)/ZFDemo/libSDK",
				);
				PRODUCT_BUNDLE_IDENTIFIER = com.pingan.ZFDemo;
				PRODUCT_NAME = "$(TARGET_NAME)";
				USER_HEADER_SEARCH_PATHS = "/Users/wzf/Library/Developer/Xcode/DerivedData/ZFWorkspace-bfkztdwcirjefmdizwlmyyjfxppn/Build/Products/**";
				"USER_HEADER_SEARCH_PATHS[arch=*]" = "";
			};
			name = Debug;
		};
		21E9278D1DD46A8C00CD4197 /* Release */ = {
			isa = XCBuildConfiguration;
			buildSettings = {
				ASSETCATALOG_COMPILER_APPICON_NAME = AppIcon;
				INFOPLIST_FILE = ZFDemo/Info.plist;
				LD_RUNPATH_SEARCH_PATHS = "$(inherited) @executable_path/Frameworks";
				LIBRARY_SEARCH_PATHS = (
					"$(inherited)",
					"$(PROJECT_DIR)/ZFDemo/libSDK",
				);
				PRODUCT_BUNDLE_IDENTIFIER = com.pingan.ZFDemo;
				PRODUCT_NAME = "$(TARGET_NAME)";
				USER_HEADER_SEARCH_PATHS = "/Users/wzf/Library/Developer/Xcode/DerivedData/ZFWorkspace-bfkztdwcirjefmdizwlmyyjfxppn/Build/Products/**";
			};
			name = Release;
		};
/* End XCBuildConfiguration section */

/* Begin XCConfigurationList section */
		21E9276F1DD46A8C00CD4197 /* Build configuration list for PBXProject "ZFDemo" */ = {
			isa = XCConfigurationList;
			buildConfigurations = (
				21E927891DD46A8C00CD4197 /* Debug */,
				21E9278A1DD46A8C00CD4197 /* Release */,
			);
			defaultConfigurationIsVisible = 0;
			defaultConfigurationName = Release;
		};
		21E9278B1DD46A8C00CD4197 /* Build configuration list for PBXNativeTarget "ZFDemo" */ = {
			isa = XCConfigurationList;
			buildConfigurations = (
				21E9278C1DD46A8C00CD4197 /* Debug */,
				21E9278D1DD46A8C00CD4197 /* Release */,
			);
			defaultConfigurationIsVisible = 0;
			defaultConfigurationName = Release;
		};
/* End XCConfigurationList section */
	};
	rootObject = 21E9276C1DD46A8C00CD4197 /* Project object */;
}
